
Microsoft Visual Studio Solution File, Format Version 12.00
# Visual Studio Version 16
VisualStudioVersion = 16.0.29609.76
MinimumVisualStudioVersion = 10.0.40219.1
Project("{9A19103F-16F7-4668-BE54-9A1E7A4F7556}") = "DeeP", "DeeP\DeeP.csproj", "{6EA12C0D-6C49-4C78-9F96-013B4797C1C7}"
EndProject
Project("{2150E333-8FDC-42A3-9474-1A3956D46DE8}") = "Libs", "Libs", "{5A11C573-2EDB-4FDC-B217-C483D11F7A92}"
EndProject
Project("{2150E333-8FDC-42A3-9474-1A3956D46DE8}") = ".nuget", ".nuget", "{1B25228B-1E73-4D9A-AC1E-514E5664FAB7}"
	ProjectSection(SolutionItems) = preProject
		.nuget\NuGet.Config = .nuget\NuGet.Config
		.nuget\NuGet.exe = .nuget\NuGet.exe
		.nuget\NuGet.targets = .nuget\NuGet.targets
	EndProjectSection
EndProject
Project("{2150E333-8FDC-42A3-9474-1A3956D46DE8}") = "PhysicsSimulation", "PhysicsSimulation", "{338F977C-26C4-49FE-8176-4767A26550FB}"
EndProject
Project("{9A19103F-16F7-4668-BE54-9A1E7A4F7556}") = "DelVizDataStructure", "DelVizDataStructure\DelVizDataStructure.csproj", "{04EF7076-9957-48B6-91E6-634A22575F87}"
EndProject
Project("{9A19103F-16F7-4668-BE54-9A1E7A4F7556}") = "EventHandling", "EventHandling\EventHandling.csproj", "{0ECE5CA5-FE4A-4DED-B5C8-2111AD71D0C4}"
EndProject
Project("{9A19103F-16F7-4668-BE54-9A1E7A4F7556}") = "PhysicsSimulation", "PhysicsSimulation\PhysicsSimulation.csproj", "{D2D466A9-6C9B-4DFA-98E0-AA776D3F4548}"
EndProject
Project("{9A19103F-16F7-4668-BE54-9A1E7A4F7556}") = "WPFPhysicsControlsLib", "WPFPhysicsControlsLib\WPFPhysicsControlsLib.csproj", "{606B31CD-9DBE-43DA-9B92-1950A4127EA7}"
EndProject
Project("{2150E333-8FDC-42A3-9474-1A3956D46DE8}") = "Solution Items", "Solution Items", "{6DB795D2-176C-4592-B786-2553657FC119}"
EndProject
Project("{9A19103F-16F7-4668-BE54-9A1E7A4F7556}") = "FastDrawingUtilityLibrary", "FastDrawingUtilityLibrary\FastDrawingUtilityLibrary.csproj", "{81F233DE-F4C8-4AAE-9188-D5CEE267A348}"
EndProject
Project("{9A19103F-16F7-4668-BE54-9A1E7A4F7556}") = "TextOnPathWPF", "TextOnPathWPF\TextOnPathWPF.csproj", "{D1FD96F9-E653-404A-ADDA-C29D554D822E}"
EndProject
Project("{9A19103F-16F7-4668-BE54-9A1E7A4F7556}") = "Common", "library\src\Core\Common\Common.csproj", "{C4424CA6-FCCC-42E4-9178-6AA19EB14255}"
EndProject
Project("{9A19103F-16F7-4668-BE54-9A1E7A4F7556}") = "Networking", "library\src\Core\Networking\Networking.csproj", "{FD943633-159E-456A-B2BD-DAF1724235F5}"
EndProject
Global
	GlobalSection(SolutionConfigurationPlatforms) = preSolution
		Debug|Any CPU = Debug|Any CPU
		Debug|x64 = Debug|x64
		Release|Any CPU = Release|Any CPU
		Release|x64 = Release|x64
	EndGlobalSection
	GlobalSection(ProjectConfigurationPlatforms) = postSolution
		{6EA12C0D-6C49-4C78-9F96-013B4797C1C7}.Debug|Any CPU.ActiveCfg = Debug|Any CPU
		{6EA12C0D-6C49-4C78-9F96-013B4797C1C7}.Debug|Any CPU.Build.0 = Debug|Any CPU
		{6EA12C0D-6C49-4C78-9F96-013B4797C1C7}.Debug|x64.ActiveCfg = Debug|Any CPU
		{6EA12C0D-6C49-4C78-9F96-013B4797C1C7}.Debug|x64.Build.0 = Debug|Any CPU
		{6EA12C0D-6C49-4C78-9F96-013B4797C1C7}.Release|Any CPU.ActiveCfg = Release|Any CPU
		{6EA12C0D-6C49-4C78-9F96-013B4797C1C7}.Release|Any CPU.Build.0 = Release|Any CPU
		{6EA12C0D-6C49-4C78-9F96-013B4797C1C7}.Release|x64.ActiveCfg = Release|Any CPU
		{6EA12C0D-6C49-4C78-9F96-013B4797C1C7}.Release|x64.Build.0 = Release|Any CPU
		{04EF7076-9957-48B6-91E6-634A22575F87}.Debug|Any CPU.ActiveCfg = Debug|Any CPU
		{04EF7076-9957-48B6-91E6-634A22575F87}.Debug|Any CPU.Build.0 = Debug|Any CPU
		{04EF7076-9957-48B6-91E6-634A22575F87}.Debug|Any CPU.Deploy.0 = Debug|Any CPU
		{04EF7076-9957-48B6-91E6-634A22575F87}.Debug|x64.ActiveCfg = Debug|Any CPU
		{04EF7076-9957-48B6-91E6-634A22575F87}.Debug|x64.Build.0 = Debug|Any CPU
		{04EF7076-9957-48B6-91E6-634A22575F87}.Release|Any CPU.ActiveCfg = Release|Any CPU
		{04EF7076-9957-48B6-91E6-634A22575F87}.Release|Any CPU.Build.0 = Release|Any CPU
		{04EF7076-9957-48B6-91E6-634A22575F87}.Release|x64.ActiveCfg = Release|Any CPU
		{04EF7076-9957-48B6-91E6-634A22575F87}.Release|x64.Build.0 = Release|Any CPU
		{0ECE5CA5-FE4A-4DED-B5C8-2111AD71D0C4}.Debug|Any CPU.ActiveCfg = Debug|Any CPU
		{0ECE5CA5-FE4A-4DED-B5C8-2111AD71D0C4}.Debug|Any CPU.Build.0 = Debug|Any CPU
		{0ECE5CA5-FE4A-4DED-B5C8-2111AD71D0C4}.Debug|x64.ActiveCfg = Debug|Any CPU
		{0ECE5CA5-FE4A-4DED-B5C8-2111AD71D0C4}.Debug|x64.Build.0 = Debug|Any CPU
		{0ECE5CA5-FE4A-4DED-B5C8-2111AD71D0C4}.Release|Any CPU.ActiveCfg = Release|Any CPU
		{0ECE5CA5-FE4A-4DED-B5C8-2111AD71D0C4}.Release|Any CPU.Build.0 = Release|Any CPU
		{0ECE5CA5-FE4A-4DED-B5C8-2111AD71D0C4}.Release|x64.ActiveCfg = Release|Any CPU
		{0ECE5CA5-FE4A-4DED-B5C8-2111AD71D0C4}.Release|x64.Build.0 = Release|Any CPU
		{D2D466A9-6C9B-4DFA-98E0-AA776D3F4548}.Debug|Any CPU.ActiveCfg = Debug|Any CPU
		{D2D466A9-6C9B-4DFA-98E0-AA776D3F4548}.Debug|Any CPU.Build.0 = Debug|Any CPU
		{D2D466A9-6C9B-4DFA-98E0-AA776D3F4548}.Debug|x64.ActiveCfg = Debug|Any CPU
		{D2D466A9-6C9B-4DFA-98E0-AA776D3F4548}.Debug|x64.Build.0 = Debug|Any CPU
		{D2D466A9-6C9B-4DFA-98E0-AA776D3F4548}.Release|Any CPU.ActiveCfg = Release|Any CPU
		{D2D466A9-6C9B-4DFA-98E0-AA776D3F4548}.Release|Any CPU.Build.0 = Release|Any CPU
		{D2D466A9-6C9B-4DFA-98E0-AA776D3F4548}.Release|x64.ActiveCfg = Release|Any CPU
		{D2D466A9-6C9B-4DFA-98E0-AA776D3F4548}.Release|x64.Build.0 = Release|Any CPU
		{606B31CD-9DBE-43DA-9B92-1950A4127EA7}.Debug|Any CPU.ActiveCfg = Debug|Any CPU
		{606B31CD-9DBE-43DA-9B92-1950A4127EA7}.Debug|Any CPU.Build.0 = Debug|Any CPU
		{606B31CD-9DBE-43DA-9B92-1950A4127EA7}.Debug|x64.ActiveCfg = Debug|Any CPU
		{606B31CD-9DBE-43DA-9B92-1950A4127EA7}.Debug|x64.Build.0 = Debug|Any CPU
		{606B31CD-9DBE-43DA-9B92-1950A4127EA7}.Release|Any CPU.ActiveCfg = Release|Any CPU
		{606B31CD-9DBE-43DA-9B92-1950A4127EA7}.Release|Any CPU.Build.0 = Release|Any CPU
		{606B31CD-9DBE-43DA-9B92-1950A4127EA7}.Release|x64.ActiveCfg = Release|Any CPU
		{606B31CD-9DBE-43DA-9B92-1950A4127EA7}.Release|x64.Build.0 = Release|Any CPU
		{81F233DE-F4C8-4AAE-9188-D5CEE267A348}.Debug|Any CPU.ActiveCfg = Debug|Any CPU
		{81F233DE-F4C8-4AAE-9188-D5CEE267A348}.Debug|Any CPU.Build.0 = Debug|Any CPU
		{81F233DE-F4C8-4AAE-9188-D5CEE267A348}.Debug|x64.ActiveCfg = Debug|Any CPU
		{81F233DE-F4C8-4AAE-9188-D5CEE267A348}.Debug|x64.Build.0 = Debug|Any CPU
		{81F233DE-F4C8-4AAE-9188-D5CEE267A348}.Release|Any CPU.ActiveCfg = Release|Any CPU
		{81F233DE-F4C8-4AAE-9188-D5CEE267A348}.Release|Any CPU.Build.0 = Release|Any CPU
		{81F233DE-F4C8-4AAE-9188-D5CEE267A348}.Release|x64.ActiveCfg = Release|Any CPU
		{81F233DE-F4C8-4AAE-9188-D5CEE267A348}.Release|x64.Build.0 = Release|Any CPU
		{D1FD96F9-E653-404A-ADDA-C29D554D822E}.Debug|Any CPU.ActiveCfg = Debug|Any CPU
		{D1FD96F9-E653-404A-ADDA-C29D554D822E}.Debug|Any CPU.Build.0 = Debug|Any CPU
		{D1FD96F9-E653-404A-ADDA-C29D554D822E}.Debug|x64.ActiveCfg = Debug|Any CPU
		{D1FD96F9-E653-404A-ADDA-C29D554D822E}.Debug|x64.Build.0 = Debug|Any CPU
		{D1FD96F9-E653-404A-ADDA-C29D554D822E}.Release|Any CPU.ActiveCfg = Release|Any CPU
		{D1FD96F9-E653-404A-ADDA-C29D554D822E}.Release|Any CPU.Build.0 = Release|Any CPU
		{D1FD96F9-E653-404A-ADDA-C29D554D822E}.Release|x64.ActiveCfg = Release|Any CPU
		{D1FD96F9-E653-404A-ADDA-C29D554D822E}.Release|x64.Build.0 = Release|Any CPU
		{C4424CA6-FCCC-42E4-9178-6AA19EB14255}.Debug|Any CPU.ActiveCfg = Debug|x64
		{C4424CA6-FCCC-42E4-9178-6AA19EB14255}.Debug|x64.ActiveCfg = Debug|x64
		{C4424CA6-FCCC-42E4-9178-6AA19EB14255}.Debug|x64.Build.0 = Debug|x64
		{C4424CA6-FCCC-42E4-9178-6AA19EB14255}.Release|Any CPU.ActiveCfg = Release|x64
		{C4424CA6-FCCC-42E4-9178-6AA19EB14255}.Release|x64.ActiveCfg = Release|x64
		{C4424CA6-FCCC-42E4-9178-6AA19EB14255}.Release|x64.Build.0 = Release|x64
		{C4424CA6-FCCC-42E4-9178-6AA19EB14255}.Debug|Any CPU.Build.0 = Debug|x64
		{C4424CA6-FCCC-42E4-9178-6AA19EB14255}.Release|Any CPU.Build.0 = Release|x64
		{FD943633-159E-456A-B2BD-DAF1724235F5}.Debug|Any CPU.ActiveCfg = Debug|x64
		{FD943633-159E-456A-B2BD-DAF1724235F5}.Debug|x64.ActiveCfg = Debug|x64
		{FD943633-159E-456A-B2BD-DAF1724235F5}.Debug|x64.Build.0 = Debug|x64
		{FD943633-159E-456A-B2BD-DAF1724235F5}.Release|Any CPU.ActiveCfg = Release|x64
		{FD943633-159E-456A-B2BD-DAF1724235F5}.Release|x64.ActiveCfg = Release|x64
		{FD943633-159E-456A-B2BD-DAF1724235F5}.Release|x64.Build.0 = Release|x64
		{FD943633-159E-456A-B2BD-DAF1724235F5}.Debug|Any CPU.Build.0 = Debug|x64
		{FD943633-159E-456A-B2BD-DAF1724235F5}.Release|Any CPU.Build.0 = Release|x64
	EndGlobalSection
	GlobalSection(SolutionProperties) = preSolution
		HideSolutionNode = FALSE
	EndGlobalSection
	GlobalSection(NestedProjects) = preSolution
		{04EF7076-9957-48B6-91E6-634A22575F87} = {338F977C-26C4-49FE-8176-4767A26550FB}
		{0ECE5CA5-FE4A-4DED-B5C8-2111AD71D0C4} = {338F977C-26C4-49FE-8176-4767A26550FB}
		{D2D466A9-6C9B-4DFA-98E0-AA776D3F4548} = {338F977C-26C4-49FE-8176-4767A26550FB}
		{606B31CD-9DBE-43DA-9B92-1950A4127EA7} = {338F977C-26C4-49FE-8176-4767A26550FB}
		{81F233DE-F4C8-4AAE-9188-D5CEE267A348} = {5A11C573-2EDB-4FDC-B217-C483D11F7A92}
		{D1FD96F9-E653-404A-ADDA-C29D554D822E} = {338F977C-26C4-49FE-8176-4767A26550FB}
		{C4424CA6-FCCC-42E4-9178-6AA19EB14255} = {5A11C573-2EDB-4FDC-B217-C483D11F7A92}
		{FD943633-159E-456A-B2BD-DAF1724235F5} = {5A11C573-2EDB-4FDC-B217-C483D11F7A92}
	EndGlobalSection
	GlobalSection(ExtensibilityGlobals) = postSolution
		SolutionGuid = {48F21C2D-69E7-40BD-AB9D-E0E17E93A166}
	EndGlobalSection
EndGlobal
